# @generated - this file is auto-generated by `mise lock` https://mise.jdx.dev/dev-tools/mise-lock.html

[[tools.actionlint]]
version = "1.7.12"
backend = "aqua:rhysd/actionlint"

[tools.actionlint."platforms.linux-arm64"]
checksum = "sha256:325e971b6ba9bfa504672e29be93c24981eeb1c07576d730e9f7c8805afff0c6"
url = "https://github.com/rhysd/actionlint/releases/download/v1.7.12/actionlint_1.7.12_linux_arm64.tar.gz"

[tools.actionlint."platforms.linux-arm64-musl"]
checksum = "sha256:325e971b6ba9bfa504672e29be93c24981eeb1c07576d730e9f7c8805afff0c6"
url = "https://github.com/rhysd/actionlint/releases/download/v1.7.12/actionlint_1.7.12_linux_arm64.tar.gz"

[tools.actionlint."platforms.linux-x64"]
checksum = "sha256:8aca8db96f1b94770f1b0d72b6dddcb1ebb8123cb3712530b08cc387b349a3d8"
url = "https://github.com/rhysd/actionlint/releases/download/v1.7.12/actionlint_1.7.12_linux_amd64.tar.gz"
provenance = "github-attestations"

[tools.actionlint."platforms.linux-x64-musl"]
checksum = "sha256:8aca8db96f1b94770f1b0d72b6dddcb1ebb8123cb3712530b08cc387b349a3d8"
url = "https://github.com/rhysd/actionlint/releases/download/v1.7.12/actionlint_1.7.12_linux_amd64.tar.gz"

[tools.actionlint."platforms.macos-arm64"]
checksum = "sha256:aba9ced2dee8d27fecca3dc7feb1a7f9a52caefa1eb46f3271ea66b6e0e6953f"
url = "https://github.com/rhysd/actionlint/releases/download/v1.7.12/actionlint_1.7.12_darwin_arm64.tar.gz"

[tools.actionlint."platforms.macos-x64"]
checksum = "sha256:5b44c3bc2255115c9b69e30efc0fecdf498fdb63c5d58e17084fd5f16324c644"
url = "https://github.com/rhysd/actionlint/releases/download/v1.7.12/actionlint_1.7.12_darwin_amd64.tar.gz"

[tools.actionlint."platforms.windows-x64"]
checksum = "sha256:6e7241b51e6817ea6a047693d8e6fed13b31819c9a0dd6c5a726e1592d22f6e9"
url = "https://github.com/rhysd/actionlint/releases/download/v1.7.12/actionlint_1.7.12_windows_amd64.zip"

[[tools.dotnet]]
version = "10.0.302"
backend = "core:dotnet"

[[tools."github:rorkai/App-Store-Connect-CLI"]]
version = "3.4.1"
backend = "github:rorkai/App-Store-Connect-CLI"

[tools."github:rorkai/App-Store-Connect-CLI"."platforms.linux-arm64"]
checksum = "sha256:40559abcd09f8ca6d11b221295963efa8b2796a6f9a18ad8beb1f4304b6e0799"
url = "https://github.com/rorkai/App-Store-Connect-CLI/releases/download/3.4.1/asc_3.4.1_linux_arm64"
url_api = "https://api.github.com/repos/rorkai/App-Store-Connect-CLI/releases/assets/498085836"

[tools."github:rorkai/App-Store-Connect-CLI"."platforms.linux-arm64-musl"]
checksum = "sha256:40559abcd09f8ca6d11b221295963efa8b2796a6f9a18ad8beb1f4304b6e0799"
url = "https://github.com/rorkai/App-Store-Connect-CLI/releases/download/3.4.1/asc_3.4.1_linux_arm64"
url_api = "https://api.github.com/repos/rorkai/App-Store-Connect-CLI/releases/assets/498085836"

[tools."github:rorkai/App-Store-Connect-CLI"."platforms.linux-x64"]
checksum = "sha256:73783179889218a0c9203f285756ff80b6877ea70e3b8e9ad7aef80638068cbe"
url = "https://github.com/rorkai/App-Store-Connect-CLI/releases/download/3.4.1/asc_3.4.1_linux_amd64"
url_api = "https://api.github.com/repos/rorkai/App-Store-Connect-CLI/releases/assets/498085837"

[tools."github:rorkai/App-Store-Connect-CLI"."platforms.linux-x64-musl"]
checksum = "sha256:73783179889218a0c9203f285756ff80b6877ea70e3b8e9ad7aef80638068cbe"
url = "https://github.com/rorkai/App-Store-Connect-CLI/releases/download/3.4.1/asc_3.4.1_linux_amd64"
url_api = "https://api.github.com/repos/rorkai/App-Store-Connect-CLI/releases/assets/498085837"

[tools."github:rorkai/App-Store-Connect-CLI"."platforms.macos-arm64"]
checksum = "sha256:88381683964945c0e2c74b65500725edf463a3c65725a21be2324ef1c4742a2d"
url = "https://github.com/rorkai/App-Store-Connect-CLI/releases/download/3.4.1/asc_3.4.1_macOS_arm64"
url_api = "https://api.github.com/repos/rorkai/App-Store-Connect-CLI/releases/assets/498085830"

[tools."github:rorkai/App-Store-Connect-CLI"."platforms.macos-x64"]
checksum = "sha256:b6cf30fb2e2274031d7573712fde3543c76eeffdd1be2c2dd5636fcea9b3a486"
url = "https://github.com/rorkai/App-Store-Connect-CLI/releases/download/3.4.1/asc_3.4.1_macOS_amd64"
url_api = "https://api.github.com/repos/rorkai/App-Store-Connect-CLI/releases/assets/498085834"

[tools."github:rorkai/App-Store-Connect-CLI"."platforms.windows-x64"]
checksum = "sha256:be9e5bf8d51818f01ddf6e22e6c2872dad4ee33bea737d29b6d322d14df6d749"
url = "https://github.com/rorkai/App-Store-Connect-CLI/releases/download/3.4.1/asc_3.4.1_windows_amd64.exe"
url_api = "https://api.github.com/repos/rorkai/App-Store-Connect-CLI/releases/assets/498085851"

[[tools.gitleaks]]
version = "8.30.1"
backend = "aqua:gitleaks/gitleaks"

[tools.gitleaks."platforms.linux-arm64"]
checksum = "sha256:e4a487ee7ccd7d3a7f7ec08657610aa3606637dab924210b3aee62570fb4b080"
url = "https://github.com/gitleaks/gitleaks/releases/download/v8.30.1/gitleaks_8.30.1_linux_arm64.tar.gz"
url_api = "https://api.github.com/repos/gitleaks/gitleaks/releases/assets/378332057"

[tools.gitleaks."platforms.linux-arm64-musl"]
checksum = "sha256:e4a487ee7ccd7d3a7f7ec08657610aa3606637dab924210b3aee62570fb4b080"
url = "https://github.com/gitleaks/gitleaks/releases/download/v8.30.1/gitleaks_8.30.1_linux_arm64.tar.gz"
url_api = "https://api.github.com/repos/gitleaks/gitleaks/releases/assets/378332057"

[tools.gitleaks."platforms.linux-x64"]
checksum = "sha256:551f6fc83ea457d62a0d98237cbad105af8d557003051f41f3e7ca7b3f2470eb"
url = "https://github.com/gitleaks/gitleaks/releases/download/v8.30.1/gitleaks_8.30.1_linux_x64.tar.gz"
url_api = "https://api.github.com/repos/gitleaks/gitleaks/releases/assets/378332058"

[tools.gitleaks."platforms.linux-x64-musl"]
checksum = "sha256:551f6fc83ea457d62a0d98237cbad105af8d557003051f41f3e7ca7b3f2470eb"
url = "https://github.com/gitleaks/gitleaks/releases/download/v8.30.1/gitleaks_8.30.1_linux_x64.tar.gz"
url_api = "https://api.github.com/repos/gitleaks/gitleaks/releases/assets/378332058"

[tools.gitleaks."platforms.macos-arm64"]
checksum = "sha256:b40ab0ae55c505963e365f271a8d3846efbc170aa17f2607f13df610a9aeb6a5"
url = "https://github.com/gitleaks/gitleaks/releases/download/v8.30.1/gitleaks_8.30.1_darwin_arm64.tar.gz"
url_api = "https://api.github.com/repos/gitleaks/gitleaks/releases/assets/378332059"

[tools.gitleaks."platforms.macos-x64"]
checksum = "sha256:dfe101a4db2255fc85120ac7f3d25e4342c3c20cf749f2c20a18081af1952709"
url = "https://github.com/gitleaks/gitleaks/releases/download/v8.30.1/gitleaks_8.30.1_darwin_x64.tar.gz"
url_api = "https://api.github.com/repos/gitleaks/gitleaks/releases/assets/378332053"

[tools.gitleaks."platforms.windows-x64"]
checksum = "sha256:d29144deff3a68aa93ced33dddf84b7fdc26070add4aa0f4513094c8332afc4e"
url = "https://github.com/gitleaks/gitleaks/releases/download/v8.30.1/gitleaks_8.30.1_windows_x64.zip"
url_api = "https://api.github.com/repos/gitleaks/gitleaks/releases/assets/378333178"

[[tools.hk]]
version = "1.53.0"
backend = "aqua:jdx/hk"

[tools.hk."platforms.linux-arm64"]
checksum = "sha256:3cf58d268a9114f0923a06c38cf0995b9da43bf2279b09aac3c3c615a615b3e4"
url = "https://github.com/jdx/hk/releases/download/v1.53.0/hk-aarch64-unknown-linux-gnu.tar.gz"
url_api = "https://api.github.com/repos/jdx/hk/releases/assets/487429257"

[tools.hk."platforms.linux-arm64-musl"]
checksum = "sha256:36fdea5faa4994f4c46e18cb5a52f07a7db4228f1ea618cf371bc297cbc48070"
url = "https://github.com/jdx/hk/releases/download/v1.53.0/hk-aarch64-unknown-linux-musl.tar.gz"
url_api = "https://api.github.com/repos/jdx/hk/releases/assets/487429258"

[tools.hk."platforms.linux-x64"]
checksum = "sha256:960c14b3bcd61e36dcb42c304e3cc23b22ef2e6f28ac6559e3856d27acf6b54a"
url = "https://github.com/jdx/hk/releases/download/v1.53.0/hk-x86_64-unknown-linux-gnu.tar.gz"
url_api = "https://api.github.com/repos/jdx/hk/releases/assets/487429267"

[tools.hk."platforms.linux-x64-musl"]
checksum = "sha256:c2075be6f6d4b3606450bdcb58ce5d17d9668804e8ee4f9d93dda596cae2de55"
url = "https://github.com/jdx/hk/releases/download/v1.53.0/hk-x86_64-unknown-linux-musl.tar.gz"
url_api = "https://api.github.com/repos/jdx/hk/releases/assets/487429272"

[tools.hk."platforms.macos-arm64"]
checksum = "sha256:d5c1f9a4c3598cc72c9f15908af6e036b138b9dd97c8891e4d08f699c98a5069"
url = "https://github.com/jdx/hk/releases/download/v1.53.0/hk-aarch64-apple-darwin.tar.gz"
url_api = "https://api.github.com/repos/jdx/hk/releases/assets/487429255"

[tools.hk."platforms.windows-x64"]
checksum = "sha256:a2e5c6131d01cfd6d62204872798f97fc933e7f142d718b3e191434e2d31ef1c"
url = "https://github.com/jdx/hk/releases/download/v1.53.0/hk-x86_64-pc-windows-msvc.zip"
url_api = "https://api.github.com/repos/jdx/hk/releases/assets/487429261"

[[tools.pinact]]
version = "4.1.0"
backend = "aqua:suzuki-shunsuke/pinact"

[tools.pinact."platforms.linux-arm64"]
checksum = "sha256:2807669cd423a3572bc12ea4a5eab80cd2f30d5644710e0c97a08a075fdadf10"
url = "https://github.com/suzuki-shunsuke/pinact/releases/download/v4.1.0/pinact_linux_arm64.tar.gz"
url_api = "https://api.github.com/repos/suzuki-shunsuke/pinact/releases/assets/442249970"
provenance = "github-attestations"

[tools.pinact."platforms.linux-arm64-musl"]
checksum = "sha256:2807669cd423a3572bc12ea4a5eab80cd2f30d5644710e0c97a08a075fdadf10"
url = "https://github.com/suzuki-shunsuke/pinact/releases/download/v4.1.0/pinact_linux_arm64.tar.gz"
url_api = "https://api.github.com/repos/suzuki-shunsuke/pinact/releases/assets/442249970"
provenance = "github-attestations"

[tools.pinact."platforms.linux-x64"]
checksum = "sha256:8fcbf1b3e95551c82fd995535e3c1defa70e23299ce36eb3afd6c98778de6ca0"
url = "https://github.com/suzuki-shunsuke/pinact/releases/download/v4.1.0/pinact_linux_amd64.tar.gz"
url_api = "https://api.github.com/repos/suzuki-shunsuke/pinact/releases/assets/442249966"
provenance = "github-attestations"

[tools.pinact."platforms.linux-x64-musl"]
checksum = "sha256:8fcbf1b3e95551c82fd995535e3c1defa70e23299ce36eb3afd6c98778de6ca0"
url = "https://github.com/suzuki-shunsuke/pinact/releases/download/v4.1.0/pinact_linux_amd64.tar.gz"
url_api = "https://api.github.com/repos/suzuki-shunsuke/pinact/releases/assets/442249966"
provenance = "github-attestations"

[tools.pinact."platforms.macos-arm64"]
checksum = "sha256:b670063ccfa178cdb5c7107d14e3de896f10b93edcc7dbe38b840cb99f2536db"
url = "https://github.com/suzuki-shunsuke/pinact/releases/download/v4.1.0/pinact_darwin_arm64.tar.gz"
url_api = "https://api.github.com/repos/suzuki-shunsuke/pinact/releases/assets/442249963"
provenance = "github-attestations"

[tools.pinact."platforms.macos-x64"]
checksum = "sha256:6338d0220a28093c2c6916a047eea8a17f4ba03a8562010dc8e942b2a2884364"
url = "https://github.com/suzuki-shunsuke/pinact/releases/download/v4.1.0/pinact_darwin_amd64.tar.gz"
url_api = "https://api.github.com/repos/suzuki-shunsuke/pinact/releases/assets/442249961"
provenance = "github-attestations"

[tools.pinact."platforms.windows-x64"]
checksum = "sha256:de04e9612a50cb7b0263d162400305ea02fc85410c38887d1be7446a7c5d5dc6"
url = "https://github.com/suzuki-shunsuke/pinact/releases/download/v4.1.0/pinact_windows_amd64.zip"
url_api = "https://api.github.com/repos/suzuki-shunsuke/pinact/releases/assets/442249974"
provenance = "github-attestations"

[[tools.pkl]]
version = "0.32.1"
backend = "aqua:apple/pkl"

[tools.pkl."platforms.linux-arm64"]
checksum = "sha256:a76d2dd47da435a8f911b0347373f47c7e59ea54fb75ff846d20b8df10dba058"
url = "https://github.com/apple/pkl/releases/download/0.32.1/pkl-linux-aarch64"
url_api = "https://api.github.com/repos/apple/pkl/releases/assets/487426568"

[tools.pkl."platforms.linux-arm64-musl"]
checksum = "sha256:a76d2dd47da435a8f911b0347373f47c7e59ea54fb75ff846d20b8df10dba058"
url = "https://github.com/apple/pkl/releases/download/0.32.1/pkl-linux-aarch64"
url_api = "https://api.github.com/repos/apple/pkl/releases/assets/487426568"

[tools.pkl."platforms.linux-x64"]
checksum = "sha256:3180b62da95c0cad1d904e9bb6c5f4a8f9032413c21e53194bb91ff1ee5f3211"
url = "https://github.com/apple/pkl/releases/download/0.32.1/pkl-linux-amd64"
url_api = "https://api.github.com/repos/apple/pkl/releases/assets/487426567"

[tools.pkl."platforms.linux-x64-musl"]
checksum = "sha256:3180b62da95c0cad1d904e9bb6c5f4a8f9032413c21e53194bb91ff1ee5f3211"
url = "https://github.com/apple/pkl/releases/download/0.32.1/pkl-linux-amd64"
url_api = "https://api.github.com/repos/apple/pkl/releases/assets/487426567"

[tools.pkl."platforms.macos-arm64"]
checksum = "sha256:563eb51c9a20b16a3625464ed745c675ed9750381f2126722696a0d7cac1d9d3"
url = "https://github.com/apple/pkl/releases/download/0.32.1/pkl-macos-aarch64"
url_api = "https://api.github.com/repos/apple/pkl/releases/assets/487426570"

[tools.pkl."platforms.macos-x64"]
checksum = "sha256:5b74b903234047960144f66f2cebdd12d267d9b98e8155ed91d2ae5ed27e2d1f"
url = "https://github.com/apple/pkl/releases/download/0.32.1/pkl-macos-amd64"
url_api = "https://api.github.com/repos/apple/pkl/releases/assets/487426599"

[tools.pkl."platforms.windows-x64"]
checksum = "sha256:8550a00fcf027335e42c5e2cd553b88e98845408cb1880b3e3d1860caf46d22a"
url = "https://github.com/apple/pkl/releases/download/0.32.1/pkl-windows-amd64.exe"
url_api = "https://api.github.com/repos/apple/pkl/releases/assets/487426668"

[[tools.shellcheck]]
version = "0.11.0"
backend = "aqua:koalaman/shellcheck"

[tools.shellcheck."platforms.linux-arm64"]
checksum = "sha256:12b331c1d2db6b9eb13cfca64306b1b157a86eb69db83023e261eaa7e7c14588"
url = "https://github.com/koalaman/shellcheck/releases/download/v0.11.0/shellcheck-v0.11.0.linux.aarch64.tar.xz"
url_api = "https://api.github.com/repos/koalaman/shellcheck/releases/assets/279056934"

[tools.shellcheck."platforms.linux-arm64-musl"]
checksum = "sha256:12b331c1d2db6b9eb13cfca64306b1b157a86eb69db83023e261eaa7e7c14588"
url = "https://github.com/koalaman/shellcheck/releases/download/v0.11.0/shellcheck-v0.11.0.linux.aarch64.tar.xz"
url_api = "https://api.github.com/repos/koalaman/shellcheck/releases/assets/279056934"

[tools.shellcheck."platforms.linux-x64"]
checksum = "sha256:8c3be12b05d5c177a04c29e3c78ce89ac86f1595681cab149b65b97c4e227198"
url = "https://github.com/koalaman/shellcheck/releases/download/v0.11.0/shellcheck-v0.11.0.linux.x86_64.tar.xz"
url_api = "https://api.github.com/repos/koalaman/shellcheck/releases/assets/279056942"

[tools.shellcheck."platforms.linux-x64-musl"]
checksum = "sha256:8c3be12b05d5c177a04c29e3c78ce89ac86f1595681cab149b65b97c4e227198"
url = "https://github.com/koalaman/shellcheck/releases/download/v0.11.0/shellcheck-v0.11.0.linux.x86_64.tar.xz"
url_api = "https://api.github.com/repos/koalaman/shellcheck/releases/assets/279056942"

[tools.shellcheck."platforms.macos-arm64"]
checksum = "sha256:56affdd8de5527894dca6dc3d7e0a99a873b0f004d7aabc30ae407d3f48b0a79"
url = "https://github.com/koalaman/shellcheck/releases/download/v0.11.0/shellcheck-v0.11.0.darwin.aarch64.tar.xz"
url_api = "https://api.github.com/repos/koalaman/shellcheck/releases/assets/279056932"

[tools.shellcheck."platforms.macos-x64"]
checksum = "sha256:3c89db4edcab7cf1c27bff178882e0f6f27f7afdf54e859fa041fca10febe4c6"
url = "https://github.com/koalaman/shellcheck/releases/download/v0.11.0/shellcheck-v0.11.0.darwin.x86_64.tar.xz"
url_api = "https://api.github.com/repos/koalaman/shellcheck/releases/assets/279056930"

[tools.shellcheck."platforms.windows-x64"]
checksum = "sha256:8a4e35ab0b331c85d73567b12f2a444df187f483e5079ceffa6bda1faa2e740e"
url = "https://github.com/koalaman/shellcheck/releases/download/v0.11.0/shellcheck-v0.11.0.zip"
url_api = "https://api.github.com/repos/koalaman/shellcheck/releases/assets/279056944"

[[tools.zizmor]]
version = "1.29.0"
backend = "aqua:zizmorcore/zizmor"

[tools.zizmor."platforms.linux-arm64"]
checksum = "sha256:415eaa7c0a06479a701b8e44a3e812c1047decc848ec4bede7bd6bbf49f22d20"
url = "https://github.com/zizmorcore/zizmor/releases/download/v1.29.0/zizmor-aarch64-unknown-linux-gnu.tar.gz"
url_api = "https://api.github.com/repos/zizmorcore/zizmor/releases/assets/498263143"
provenance = "github-attestations"

[tools.zizmor."platforms.linux-arm64-musl"]
provenance = "github-attestations"

[tools.zizmor."platforms.linux-x64"]
checksum = "sha256:dd96df044a6e8538d5f423790f453bdd03d49e5b2bcc38214acc41a2f1297839"
url = "https://github.com/zizmorcore/zizmor/releases/download/v1.29.0/zizmor-x86_64-unknown-linux-gnu.tar.gz"
url_api = "https://api.github.com/repos/zizmorcore/zizmor/releases/assets/498263145"
provenance = "github-attestations"

[tools.zizmor."platforms.linux-x64-musl"]
provenance = "github-attestations"

[tools.zizmor."platforms.macos-arm64"]
checksum = "sha256:720322fade9e83a9c7953944c438f2ba942636b86b96a8f0e6b15ce94c8a6b6f"
url = "https://github.com/zizmorcore/zizmor/releases/download/v1.29.0/zizmor-aarch64-apple-darwin.tar.gz"
url_api = "https://api.github.com/repos/zizmorcore/zizmor/releases/assets/498263141"
provenance = "github-attestations"

[tools.zizmor."platforms.macos-x64"]
checksum = "sha256:648b72ab9941a7f2a8d65d7b68a8e76cef789538c8df3a3950384d38423375b0"
url = "https://github.com/zizmorcore/zizmor/releases/download/v1.29.0/zizmor-x86_64-apple-darwin.tar.gz"
url_api = "https://api.github.com/repos/zizmorcore/zizmor/releases/assets/498263144"
provenance = "github-attestations"

[tools.zizmor."platforms.windows-x64"]
checksum = "sha256:68a6bc6888f10bf0d53658c75885e7c1b7a0588d4c1fbc3f0ca280ad7324bf06"
url = "https://github.com/zizmorcore/zizmor/releases/download/v1.29.0/zizmor-x86_64-pc-windows-msvc.zip"
url_api = "https://api.github.com/repos/zizmorcore/zizmor/releases/assets/498263142"
provenance = "github-attestations"
